<?xml version="1.0" encoding="utf-8"?>
<Project ToolsVersion="4.0" xmlns="http://schemas.microsoft.com/developer/msbuild/2003">
  <ItemGroup>
    <Filter Include="Source Files">
      <UniqueIdentifier>{4FC737F1-C7A5-4376-A066-2A32D752A2FF}</UniqueIdentifier>
      <Extensions>cpp;c;cc;cxx;def;odl;idl;hpj;bat;asm;asmx</Extensions>
    </Filter>
    <Filter Include="Header Files">
      <UniqueIdentifier>{93995380-89BD-4b04-88EB-625FBE52EBFB}</UniqueIdentifier>
      <Extensions>h;hh;hpp;hxx;hm;inl;inc;ipp;xsd</Extensions>
    </Filter>
    <Filter Include="Resource Files">
      <UniqueIdentifier>{67DA6AB6-F800-4c08-8B7A-83BB121AAD01}</UniqueIdentifier>
      <Extensions>rc;ico;cur;bmp;dlg;rc2;rct;bin;rgs;gif;jpg;jpeg;jpe;resx;tiff;tif;png;wav;mfcribbon-ms</Extensions>
    </Filter>
  </ItemGroup>
  <ItemGroup>
    <ClCompile Include="Source.cpp">
      <Filter>Source Files</Filter>
    </ClCompile>
  </ItemGroup>
  <ItemGroup>
    <None Include="Resources\AffineAnimations\Box.aat" />
    <None Include="Resources\AffineAnimations\Turn.aat" />
    <None Include="Resources\Json\Presentation004.json" />
    <None Include="Resources\Materials\Ant.mat" />
    <None Include="Resources\Materials\Green.mat" />
    <None Include="Resources\Materials\Man0.mat" />
    <None Include="Resources\Materials\Noise0.mat" />
    <None Include="Resources\Materials\Noise1.mat" />
    <None Include="Resources\Materials\Presentation.mat" />
    <None Include="Resources\Shaders\Line.frag" />
    <None Include="Resources\Shaders\Line.vert" />
    <None Include="Resources\Shaders\Outline.frag" />
    <None Include="Resources\Shaders\Outline.vert" />
    <None Include="Resources\Scripts\basic_particle_button.py" />
    <None Include="Resources\Scripts\final_button.py" />
    <None Include="Resources\Scripts\first_person_cam.py" />
    <None Include="Resources\Scripts\idle_animation_button.py" />
    <None Include="Resources\Scripts\random_material_button.py" />
    <None Include="Resources\Shaders\Demo.frag" />
    <None Include="Resources\Shaders\Demo.vert" />
  </ItemGroup>
  <ItemGroup>
    <Text Include="Resources\Localization\en\hello.txt" />
    <Text Include="Resources\Localization\en\thankyou.txt" />
    <Text Include="Resources\Localization\ru\hello.txt" />
    <Text Include="Resources\Localization\ru\thankyou.txt" />
  </ItemGroup>
</Project>